
Microsoft Visual Studio Solution File, Format Version 12.00
# Visual Studio 15
VisualStudioVersion = 15.0.28307.1267
MinimumVisualStudioVersion = 10.0.40219.1
Project("{FAE04EC0-301F-11D3-BF4B-00C04F79EFBC}") = "Service_019_HanifFauzanAlbana", "Service_019_HanifFauzanAlbana\Service_019_HanifFauzanAlbana.csproj", "{34E12842-C5A4-4FFB-A947-12B4C9B15668}"
EndProject
Project("{FAE04EC0-301F-11D3-BF4B-00C04F79EFBC}") = "Server_019_HanifFauzanAlbana", "Server_019_HanifFauzanAlbana\Server_019_HanifFauzanAlbana.csproj", "{443EF890-EAE6-4876-ADA8-7875AF8F6F0A}"
EndProject
Project("{FAE04EC0-301F-11D3-BF4B-00C04F79EFBC}") = "Client_019_HanifFauzanAlbana", "Client_019_HanifFauzanAlbana\Client_019_HanifFauzanAlbana.csproj", "{514E6D92-167D-40F8-A8AF-0EDB4695B9C6}"
EndProject
Global
	GlobalSection(SolutionConfigurationPlatforms) = preSolution
		Debug|Any CPU = Debug|Any CPU
		Release|Any CPU = Release|Any CPU
	EndGlobalSection
	GlobalSection(ProjectConfigurationPlatforms) = postSolution
		{34E12842-C5A4-4FFB-A947-12B4C9B15668}.Debug|Any CPU.ActiveCfg = Debug|Any CPU
		{34E12842-C5A4-4FFB-A947-12B4C9B15668}.Debug|Any CPU.Build.0 = Debug|Any CPU
		{34E12842-C5A4-4FFB-A947-12B4C9B15668}.Release|Any CPU.ActiveCfg = Release|Any CPU
		{34E12842-C5A4-4FFB-A947-12B4C9B15668}.Release|Any CPU.Build.0 = Release|Any CPU
		{443EF890-EAE6-4876-ADA8-7875AF8F6F0A}.Debug|Any CPU.ActiveCfg = Debug|Any CPU
		{443EF890-EAE6-4876-ADA8-7875AF8F6F0A}.Debug|Any CPU.Build.0 = Debug|Any CPU
		{443EF890-EAE6-4876-ADA8-7875AF8F6F0A}.Release|Any CPU.ActiveCfg = Release|Any CPU
		{443EF890-EAE6-4876-ADA8-7875AF8F6F0A}.Release|Any CPU.Build.0 = Release|Any CPU
		{514E6D92-167D-40F8-A8AF-0EDB4695B9C6}.Debug|Any CPU.ActiveCfg = Debug|Any CPU
		{514E6D92-167D-40F8-A8AF-0EDB4695B9C6}.Debug|Any CPU.Build.0 = Debug|Any CPU
		{514E6D92-167D-40F8-A8AF-0EDB4695B9C6}.Release|Any CPU.ActiveCfg = Release|Any CPU
		{514E6D92-167D-40F8-A8AF-0EDB4695B9C6}.Release|Any CPU.Build.0 = Release|Any CPU
	EndGlobalSection
	GlobalSection(SolutionProperties) = preSolution
		HideSolutionNode = FALSE
	EndGlobalSection
	GlobalSection(ExtensibilityGlobals) = postSolution
		SolutionGuid = {CB3D41B2-2AEE-4B17-81A5-0353189D3CF7}
	EndGlobalSection
EndGlobal
